{
  "name": "playwright",
  "version": "1.0.0",
  "lockfileVersion": 2,
  "requires": true,
  "packages": {
    "": {
      "name": "playwright",
      "version": "1.0.0",
      "license": "ISC",
      "devDependencies": {
        "@axe-core/playwright": "4.6.0",
        "@playwright/test": "^1.32",
        "allure-playwright": "^2.0.0-beta.20"
      }
    },
    "node_modules/@axe-core/playwright": {
      "version": "4.6.0",
      "resolved": "https://registry.npmjs.org/@axe-core/playwright/-/playwright-4.6.0.tgz",
      "integrity": "sha512-q9K4GVJ1fH8FQqErgs01dwzhOJ03vZDfMg+vO9Er05BxQOCp9Rm8oyB3byVzC7oNlxFaPU1qQ8zLwZYypHmchw==",
      "dev": true,
      "dependencies": {
        "axe-core": "^4.6.1"
      },
      "peerDependencies": {
        "playwright": ">= 1.0.0"
      }
    },
    "node_modules/@playwright/test": {
      "version": "1.32.0",
      "resolved": "https://registry.npmjs.org/@playwright/test/-/test-1.32.0.tgz",
      "integrity": "sha512-zOdGloaF0jeec7hqoLqM5S3L2rR4WxMJs6lgiAeR70JlH7Ml54ZPoIIf3X7cvnKde3Q9jJ/gaxkFh8fYI9s1rg==",
      "dev": true,
      "dependencies": {
        "@types/node": "*",
        "playwright-core": "1.32.0"
      },
      "bin": {
        "playwright": "cli.js"
      },
      "engines": {
        "node": ">=14"
      },
      "optionalDependencies": {
        "fsevents": "2.3.2"
      }
    },
    "node_modules/@playwright/test/node_modules/playwright-core": {
      "version": "1.32.0",
      "resolved": "https://registry.npmjs.org/playwright-core/-/playwright-core-1.32.0.tgz",
      "integrity": "sha512-Z9Ij17X5Z3bjpp6XKujGBp9Gv4eViESac9aDmwgQFUEJBW0K80T21m/Z+XJQlu4cNsvPygw33b6V1Va6Bda5zQ==",
      "dev": true,
      "bin": {
        "playwright": "cli.js"
      },
      "engines": {
        "node": ">=14"
      }
    },
    "node_modules/@types/node": {
      "version": "18.15.3",
      "resolved": "https://registry.npmjs.org/@types/node/-/node-18.15.3.tgz",
      "integrity": "sha512-p6ua9zBxz5otCmbpb5D3U4B5Nanw6Pk3PPyX05xnxbB/fRv71N7CPmORg7uAD5P70T0xmx1pzAx/FUfa5X+3cw==",
      "dev": true
    },
    "node_modules/allure-js-commons": {
      "version": "2.0.0-beta.20",
      "resolved": "https://registry.npmjs.org/allure-js-commons/-/allure-js-commons-2.0.0-beta.20.tgz",
      "integrity": "sha512-ZUSa75s1LEhoIOTgNJhB463t+GURPKkB92HNqSWvFImxU0SojdT7JbgaQ4Ku+qhY5VFMsWmZJt6TAYo5t7ZR4A==",
      "dev": true,
      "dependencies": {
        "mkdirp": "^1.0.4",
        "properties": "^1.2.1",
        "uuid": "^8.3.0"
      }
    },
    "node_modules/allure-playwright": {
      "version": "2.0.0-beta.20",
      "resolved": "https://registry.npmjs.org/allure-playwright/-/allure-playwright-2.0.0-beta.20.tgz",
      "integrity": "sha512-RELEsiK4b4h+K4E2GzYqp3yEOR4OA+gUQi/PInIFtaDPKG4BYo0b28iqox+xrDILNce7NhmMC8Q/uqBGl33B4w==",
      "dev": true,
      "dependencies": {
        "allure-js-commons": "2.0.0-beta.20"
      }
    },
    "node_modules/axe-core": {
      "version": "4.6.3",
      "resolved": "https://registry.npmjs.org/axe-core/-/axe-core-4.6.3.tgz",
      "integrity": "sha512-/BQzOX780JhsxDnPpH4ZiyrJAzcd8AfzFPkv+89veFSr1rcMjuq2JDCwypKaPeB6ljHp9KjXhPpjgCvQlWYuqg==",
      "dev": true,
      "engines": {
        "node": ">=4"
      }
    },
    "node_modules/fsevents": {
      "version": "2.3.2",
      "resolved": "https://registry.npmjs.org/fsevents/-/fsevents-2.3.2.tgz",
      "integrity": "sha512-xiqMQR4xAeHTuB9uWm+fFRcIOgKBMiOBP+eXiyT7jsgVCq1bkVygt00oASowB7EdtpOHaaPgKt812P9ab+DDKA==",
      "dev": true,
      "hasInstallScript": true,
      "optional": true,
      "os": [
        "darwin"
      ],
      "engines": {
        "node": "^8.16.0 || ^10.6.0 || >=11.0.0"
      }
    },
    "node_modules/mkdirp": {
      "version": "1.0.4",
      "resolved": "https://registry.npmjs.org/mkdirp/-/mkdirp-1.0.4.tgz",
      "integrity": "sha512-vVqVZQyf3WLx2Shd0qJ9xuvqgAyKPLAiqITEtqW0oIUjzo3PePDd6fW9iFz30ef7Ysp/oiWqbhszeGWW2T6Gzw==",
      "dev": true,
      "bin": {
        "mkdirp": "bin/cmd.js"
      },
      "engines": {
        "node": ">=10"
      }
    },
    "node_modules/playwright": {
      "version": "1.31.2",
      "resolved": "https://registry.npmjs.org/playwright/-/playwright-1.31.2.tgz",
      "integrity": "sha512-jpC47n2PKQNtzB7clmBuWh6ftBRS/Bt5EGLigJ9k2QAKcNeYXZkEaDH5gmvb6+AbcE0DO6GnXdbl9ogG6Eh+og==",
      "dev": true,
      "hasInstallScript": true,
      "peer": true,
      "dependencies": {
        "playwright-core": "1.31.2"
      },
      "bin": {
        "playwright": "cli.js"
      },
      "engines": {
        "node": ">=14"
      }
    },
    "node_modules/playwright-core": {
      "version": "1.31.2",
      "resolved": "https://registry.npmjs.org/playwright-core/-/playwright-core-1.31.2.tgz",
      "integrity": "sha512-a1dFgCNQw4vCsG7bnojZjDnPewZcw7tZUNFN0ZkcLYKj+mPmXvg4MpaaKZ5SgqPsOmqIf2YsVRkgqiRDxD+fDQ==",
      "dev": true,
      "peer": true,
      "bin": {
        "playwright": "cli.js"
      },
      "engines": {
        "node": ">=14"
      }
    },
    "node_modules/properties": {
      "version": "1.2.1",
      "resolved": "https://registry.npmjs.org/properties/-/properties-1.2.1.tgz",
      "integrity": "sha512-qYNxyMj1JeW54i/EWEFsM1cVwxJbtgPp8+0Wg9XjNaK6VE/c4oRi6PNu5p7w1mNXEIQIjV5Wwn8v8Gz82/QzdQ==",
      "dev": true,
      "engines": {
        "node": ">=0.10"
      }
    },
    "node_modules/uuid": {
      "version": "8.3.2",
      "resolved": "https://registry.npmjs.org/uuid/-/uuid-8.3.2.tgz",
      "integrity": "sha512-+NYs2QeMWy+GWFOEm9xnn6HCDp0l7QBD7ml8zLUmJ+93Q5NF0NocErnwkTkXVFNiX3/fpC6afS8Dhb/gz7R7eg==",
      "dev": true,
      "bin": {
        "uuid": "dist/bin/uuid"
      }
    }
  },
  "dependencies": {
    "@axe-core/playwright": {
      "version": "4.6.0",
      "resolved": "https://registry.npmjs.org/@axe-core/playwright/-/playwright-4.6.0.tgz",
      "integrity": "sha512-q9K4GVJ1fH8FQqErgs01dwzhOJ03vZDfMg+vO9Er05BxQOCp9Rm8oyB3byVzC7oNlxFaPU1qQ8zLwZYypHmchw==",
      "dev": true,
      "requires": {
        "axe-core": "^4.6.1"
      }
    },
    "@playwright/test": {
      "version": "1.32.0",
      "resolved": "https://registry.npmjs.org/@playwright/test/-/test-1.32.0.tgz",
      "integrity": "sha512-zOdGloaF0jeec7hqoLqM5S3L2rR4WxMJs6lgiAeR70JlH7Ml54ZPoIIf3X7cvnKde3Q9jJ/gaxkFh8fYI9s1rg==",
      "dev": true,
      "requires": {
        "@types/node": "*",
        "fsevents": "2.3.2",
        "playwright-core": "1.32.0"
      },
      "dependencies": {
        "playwright-core": {
          "version": "1.32.0",
          "resolved": "https://registry.npmjs.org/playwright-core/-/playwright-core-1.32.0.tgz",
          "integrity": "sha512-Z9Ij17X5Z3bjpp6XKujGBp9Gv4eViESac9aDmwgQFUEJBW0K80T21m/Z+XJQlu4cNsvPygw33b6V1Va6Bda5zQ==",
          "dev": true
        }
      }
    },
    "@types/node": {
      "version": "18.15.3",
      "resolved": "https://registry.npmjs.org/@types/node/-/node-18.15.3.tgz",
      "integrity": "sha512-p6ua9zBxz5otCmbpb5D3U4B5Nanw6Pk3PPyX05xnxbB/fRv71N7CPmORg7uAD5P70T0xmx1pzAx/FUfa5X+3cw==",
      "dev": true
    },
    "allure-js-commons": {
      "version": "2.0.0-beta.20",
      "resolved": "https://registry.npmjs.org/allure-js-commons/-/allure-js-commons-2.0.0-beta.20.tgz",
      "integrity": "sha512-ZUSa75s1LEhoIOTgNJhB463t+GURPKkB92HNqSWvFImxU0SojdT7JbgaQ4Ku+qhY5VFMsWmZJt6TAYo5t7ZR4A==",
      "dev": true,
      "requires": {
        "mkdirp": "^1.0.4",
        "properties": "^1.2.1",
        "uuid": "^8.3.0"
      }
    },
    "allure-playwright": {
      "version": "2.0.0-beta.20",
      "resolved": "https://registry.npmjs.org/allure-playwright/-/allure-playwright-2.0.0-beta.20.tgz",
      "integrity": "sha512-RELEsiK4b4h+K4E2GzYqp3yEOR4OA+gUQi/PInIFtaDPKG4BYo0b28iqox+xrDILNce7NhmMC8Q/uqBGl33B4w==",
      "dev": true,
      "requires": {
        "allure-js-commons": "2.0.0-beta.20"
      }
    },
    "axe-core": {
      "version": "4.6.3",
      "resolved": "https://registry.npmjs.org/axe-core/-/axe-core-4.6.3.tgz",
      "integrity": "sha512-/BQzOX780JhsxDnPpH4ZiyrJAzcd8AfzFPkv+89veFSr1rcMjuq2JDCwypKaPeB6ljHp9KjXhPpjgCvQlWYuqg==",
      "dev": true
    },
    "fsevents": {
      "version": "2.3.2",
      "resolved": "https://registry.npmjs.org/fsevents/-/fsevents-2.3.2.tgz",
      "integrity": "sha512-xiqMQR4xAeHTuB9uWm+fFRcIOgKBMiOBP+eXiyT7jsgVCq1bkVygt00oASowB7EdtpOHaaPgKt812P9ab+DDKA==",
      "dev": true,
      "optional": true
    },
    "mkdirp": {
      "version": "1.0.4",
      "resolved": "https://registry.npmjs.org/mkdirp/-/mkdirp-1.0.4.tgz",
      "integrity": "sha512-vVqVZQyf3WLx2Shd0qJ9xuvqgAyKPLAiqITEtqW0oIUjzo3PePDd6fW9iFz30ef7Ysp/oiWqbhszeGWW2T6Gzw==",
      "dev": true
    },
    "playwright": {
      "version": "1.31.2",
      "resolved": "https://registry.npmjs.org/playwright/-/playwright-1.31.2.tgz",
      "integrity": "sha512-jpC47n2PKQNtzB7clmBuWh6ftBRS/Bt5EGLigJ9k2QAKcNeYXZkEaDH5gmvb6+AbcE0DO6GnXdbl9ogG6Eh+og==",
      "dev": true,
      "peer": true,
      "requires": {
        "playwright-core": "1.31.2"
      }
    },
    "playwright-core": {
      "version": "1.31.2",
      "resolved": "https://registry.npmjs.org/playwright-core/-/playwright-core-1.31.2.tgz",
      "integrity": "sha512-a1dFgCNQw4vCsG7bnojZjDnPewZcw7tZUNFN0ZkcLYKj+mPmXvg4MpaaKZ5SgqPsOmqIf2YsVRkgqiRDxD+fDQ==",
      "dev": true,
      "peer": true
    },
    "properties": {
      "version": "1.2.1",
      "resolved": "https://registry.npmjs.org/properties/-/properties-1.2.1.tgz",
      "integrity": "sha512-qYNxyMj1JeW54i/EWEFsM1cVwxJbtgPp8+0Wg9XjNaK6VE/c4oRi6PNu5p7w1mNXEIQIjV5Wwn8v8Gz82/QzdQ==",
      "dev": true
    },
    "uuid": {
      "version": "8.3.2",
      "resolved": "https://registry.npmjs.org/uuid/-/uuid-8.3.2.tgz",
      "integrity": "sha512-+NYs2QeMWy+GWFOEm9xnn6HCDp0l7QBD7ml8zLUmJ+93Q5NF0NocErnwkTkXVFNiX3/fpC6afS8Dhb/gz7R7eg==",
      "dev": true
    }
  }
}
